
Microsoft Visual Studio Solution File, Format Version 12.00
# Visual Studio 15
VisualStudioVersion = 15.0.28307.705
MinimumVisualStudioVersion = 10.0.40219.1
Project("{FAE04EC0-301F-11D3-BF4B-00C04F79EFBC}") = "Making Anagrams", "Making Anagrams\Making Anagrams.csproj", "{60C303DB-E3C2-4A50-BBA1-BD05D75D589A}"
EndProject
Project("{FAE04EC0-301F-11D3-BF4B-00C04F79EFBC}") = "Alternating Characters", "Alternating Characters\Alternating Characters.csproj", "{4311E626-12CA-4549-920C-F54504BF3D9B}"
EndProject
Project("{FAE04EC0-301F-11D3-BF4B-00C04F79EFBC}") = "Two Strings", "Two Strings\Two Strings.csproj", "{B7F5A3D9-D86D-4A2C-8660-4A2710E87A83}"
EndProject
Project("{FAE04EC0-301F-11D3-BF4B-00C04F79EFBC}") = "Minimum Distances", "Minimum Distances\Minimum Distances.csproj", "{28220B48-641B-4198-9831-0ECB3EEDAEB0}"
EndProject
Project("{2150E333-8FDC-42A3-9474-1A3956D46DE8}") = "Strings", "Strings", "{00213F69-B67B-45C4-ABA4-DDA42DD4377F}"
EndProject
Project("{FAE04EC0-301F-11D3-BF4B-00C04F79EFBC}") = "Super reduced string", "Super reduced string\Super reduced string.csproj", "{2C7D5CAF-92EA-4478-A955-E7BDE4007670}"
EndProject
Project("{FAE04EC0-301F-11D3-BF4B-00C04F79EFBC}") = "Hacker rank in a String", "Hacker rank in a String\Hacker rank in a String.csproj", "{C6799E22-62A5-4A41-8C4C-D261269FF3B4}"
EndProject
Project("{FAE04EC0-301F-11D3-BF4B-00C04F79EFBC}") = "Ice cream parlor", "Ice cream parlor\Ice cream parlor.csproj", "{6E4F8FBF-AC54-4638-8B3B-D850A25C88C7}"
EndProject
Project("{FAE04EC0-301F-11D3-BF4B-00C04F79EFBC}") = "Between two sets", "Between two sets\Between two sets.csproj", "{C440761A-0A5B-420C-BF45-7127E8965275}"
EndProject
Project("{FAE04EC0-301F-11D3-BF4B-00C04F79EFBC}") = "Library fine", "Library fine\Library fine.csproj", "{A29C1936-FEAC-49EA-98EE-9431FBF6A520}"
EndProject
Project("{FAE04EC0-301F-11D3-BF4B-00C04F79EFBC}") = "Cut the sticks", "Cut the sticks\Cut the sticks.csproj", "{B4E7C2E8-5E91-488C-B455-6B593AA7B7DA}"
EndProject
Project("{FAE04EC0-301F-11D3-BF4B-00C04F79EFBC}") = "Left rotation", "Left rotation\Left rotation.csproj", "{87A46CD1-081A-488C-A694-4C1AE41ADCF3}"
EndProject
Global
	GlobalSection(SolutionConfigurationPlatforms) = preSolution
		Debug|Any CPU = Debug|Any CPU
		Release|Any CPU = Release|Any CPU
	EndGlobalSection
	GlobalSection(ProjectConfigurationPlatforms) = postSolution
		{60C303DB-E3C2-4A50-BBA1-BD05D75D589A}.Debug|Any CPU.ActiveCfg = Debug|Any CPU
		{60C303DB-E3C2-4A50-BBA1-BD05D75D589A}.Debug|Any CPU.Build.0 = Debug|Any CPU
		{60C303DB-E3C2-4A50-BBA1-BD05D75D589A}.Release|Any CPU.ActiveCfg = Release|Any CPU
		{60C303DB-E3C2-4A50-BBA1-BD05D75D589A}.Release|Any CPU.Build.0 = Release|Any CPU
		{4311E626-12CA-4549-920C-F54504BF3D9B}.Debug|Any CPU.ActiveCfg = Debug|Any CPU
		{4311E626-12CA-4549-920C-F54504BF3D9B}.Debug|Any CPU.Build.0 = Debug|Any CPU
		{4311E626-12CA-4549-920C-F54504BF3D9B}.Release|Any CPU.ActiveCfg = Release|Any CPU
		{4311E626-12CA-4549-920C-F54504BF3D9B}.Release|Any CPU.Build.0 = Release|Any CPU
		{B7F5A3D9-D86D-4A2C-8660-4A2710E87A83}.Debug|Any CPU.ActiveCfg = Debug|Any CPU
		{B7F5A3D9-D86D-4A2C-8660-4A2710E87A83}.Debug|Any CPU.Build.0 = Debug|Any CPU
		{B7F5A3D9-D86D-4A2C-8660-4A2710E87A83}.Release|Any CPU.ActiveCfg = Release|Any CPU
		{B7F5A3D9-D86D-4A2C-8660-4A2710E87A83}.Release|Any CPU.Build.0 = Release|Any CPU
		{28220B48-641B-4198-9831-0ECB3EEDAEB0}.Debug|Any CPU.ActiveCfg = Debug|Any CPU
		{28220B48-641B-4198-9831-0ECB3EEDAEB0}.Debug|Any CPU.Build.0 = Debug|Any CPU
		{28220B48-641B-4198-9831-0ECB3EEDAEB0}.Release|Any CPU.ActiveCfg = Release|Any CPU
		{28220B48-641B-4198-9831-0ECB3EEDAEB0}.Release|Any CPU.Build.0 = Release|Any CPU
		{2C7D5CAF-92EA-4478-A955-E7BDE4007670}.Debug|Any CPU.ActiveCfg = Debug|Any CPU
		{2C7D5CAF-92EA-4478-A955-E7BDE4007670}.Debug|Any CPU.Build.0 = Debug|Any CPU
		{2C7D5CAF-92EA-4478-A955-E7BDE4007670}.Release|Any CPU.ActiveCfg = Release|Any CPU
		{2C7D5CAF-92EA-4478-A955-E7BDE4007670}.Release|Any CPU.Build.0 = Release|Any CPU
		{C6799E22-62A5-4A41-8C4C-D261269FF3B4}.Debug|Any CPU.ActiveCfg = Debug|Any CPU
		{C6799E22-62A5-4A41-8C4C-D261269FF3B4}.Debug|Any CPU.Build.0 = Debug|Any CPU
		{C6799E22-62A5-4A41-8C4C-D261269FF3B4}.Release|Any CPU.ActiveCfg = Release|Any CPU
		{C6799E22-62A5-4A41-8C4C-D261269FF3B4}.Release|Any CPU.Build.0 = Release|Any CPU
		{6E4F8FBF-AC54-4638-8B3B-D850A25C88C7}.Debug|Any CPU.ActiveCfg = Debug|Any CPU
		{6E4F8FBF-AC54-4638-8B3B-D850A25C88C7}.Debug|Any CPU.Build.0 = Debug|Any CPU
		{6E4F8FBF-AC54-4638-8B3B-D850A25C88C7}.Release|Any CPU.ActiveCfg = Release|Any CPU
		{6E4F8FBF-AC54-4638-8B3B-D850A25C88C7}.Release|Any CPU.Build.0 = Release|Any CPU
		{C440761A-0A5B-420C-BF45-7127E8965275}.Debug|Any CPU.ActiveCfg = Debug|Any CPU
		{C440761A-0A5B-420C-BF45-7127E8965275}.Debug|Any CPU.Build.0 = Debug|Any CPU
		{C440761A-0A5B-420C-BF45-7127E8965275}.Release|Any CPU.ActiveCfg = Release|Any CPU
		{C440761A-0A5B-420C-BF45-7127E8965275}.Release|Any CPU.Build.0 = Release|Any CPU
		{A29C1936-FEAC-49EA-98EE-9431FBF6A520}.Debug|Any CPU.ActiveCfg = Debug|Any CPU
		{A29C1936-FEAC-49EA-98EE-9431FBF6A520}.Debug|Any CPU.Build.0 = Debug|Any CPU
		{A29C1936-FEAC-49EA-98EE-9431FBF6A520}.Release|Any CPU.ActiveCfg = Release|Any CPU
		{A29C1936-FEAC-49EA-98EE-9431FBF6A520}.Release|Any CPU.Build.0 = Release|Any CPU
		{B4E7C2E8-5E91-488C-B455-6B593AA7B7DA}.Debug|Any CPU.ActiveCfg = Debug|Any CPU
		{B4E7C2E8-5E91-488C-B455-6B593AA7B7DA}.Debug|Any CPU.Build.0 = Debug|Any CPU
		{B4E7C2E8-5E91-488C-B455-6B593AA7B7DA}.Release|Any CPU.ActiveCfg = Release|Any CPU
		{B4E7C2E8-5E91-488C-B455-6B593AA7B7DA}.Release|Any CPU.Build.0 = Release|Any CPU
		{87A46CD1-081A-488C-A694-4C1AE41ADCF3}.Debug|Any CPU.ActiveCfg = Debug|Any CPU
		{87A46CD1-081A-488C-A694-4C1AE41ADCF3}.Debug|Any CPU.Build.0 = Debug|Any CPU
		{87A46CD1-081A-488C-A694-4C1AE41ADCF3}.Release|Any CPU.ActiveCfg = Release|Any CPU
		{87A46CD1-081A-488C-A694-4C1AE41ADCF3}.Release|Any CPU.Build.0 = Release|Any CPU
	EndGlobalSection
	GlobalSection(SolutionProperties) = preSolution
		HideSolutionNode = FALSE
	EndGlobalSection
	GlobalSection(NestedProjects) = preSolution
		{2C7D5CAF-92EA-4478-A955-E7BDE4007670} = {00213F69-B67B-45C4-ABA4-DDA42DD4377F}
		{C6799E22-62A5-4A41-8C4C-D261269FF3B4} = {00213F69-B67B-45C4-ABA4-DDA42DD4377F}
	EndGlobalSection
	GlobalSection(ExtensibilityGlobals) = postSolution
		SolutionGuid = {3A4C5433-A351-4CE4-A077-FB10625BC114}
	EndGlobalSection
EndGlobal
