
Microsoft Visual Studio Solution File, Format Version 12.00
# Visual Studio 15
VisualStudioVersion = 15.0.28307.705
MinimumVisualStudioVersion = 10.0.40219.1
Project("{FAE04EC0-301F-11D3-BF4B-00C04F79EFBC}") = "Making Anagrams", "Making Anagrams\Making Anagrams.csproj", "{60C303DB-E3C2-4A50-BBA1-BD05D75D589A}"
EndProject
Project("{FAE04EC0-301F-11D3-BF4B-00C04F79EFBC}") = "Alternating Characters", "Alternating Characters\Alternating Characters.csproj", "{4311E626-12CA-4549-920C-F54504BF3D9B}"
EndProject
Project("{FAE04EC0-301F-11D3-BF4B-00C04F79EFBC}") = "Two Strings", "Two Strings\Two Strings.csproj", "{B7F5A3D9-D86D-4A2C-8660-4A2710E87A83}"
EndProject
Project("{FAE04EC0-301F-11D3-BF4B-00C04F79EFBC}") = "Minimum Distances", "Minimum Distances\Minimum Distances.csproj", "{28220B48-641B-4198-9831-0ECB3EEDAEB0}"
EndProject
Project("{2150E333-8FDC-42A3-9474-1A3956D46DE8}") = "Strings", "Strings", "{00213F69-B67B-45C4-ABA4-DDA42DD4377F}"
EndProject
Project("{FAE04EC0-301F-11D3-BF4B-00C04F79EFBC}") = "Super reduced string", "Super reduced string\Super reduced string.csproj", "{2C7D5CAF-92EA-4478-A955-E7BDE4007670}"
EndProject
Project("{FAE04EC0-301F-11D3-BF4B-00C04F79EFBC}") = "Hacker rank in a String", "Hacker rank in a String\Hacker rank in a String.csproj", "{C6799E22-62A5-4A41-8C4C-D261269FF3B4}"
EndProject
Project("{FAE04EC0-301F-11D3-BF4B-00C04F79EFBC}") = "Ice cream parlor", "Ice cream parlor\Ice cream parlor.csproj", "{6E4F8FBF-AC54-4638-8B3B-D850A25C88C7}"
EndProject
Project("{FAE04EC0-301F-11D3-BF4B-00C04F79EFBC}") = "Between two sets", "Between two sets\Between two sets.csproj", "{C440761A-0A5B-420C-BF45-7127E8965275}"
EndProject
Project("{FAE04EC0-301F-11D3-BF4B-00C04F79EFBC}") = "Library fine", "Library fine\Library fine.csproj", "{A29C1936-FEAC-49EA-98EE-9431FBF6A520}"
EndProject
Project("{FAE04EC0-301F-11D3-BF4B-00C04F79EFBC}") = "Cut the sticks", "Cut the sticks\Cut the sticks.csproj", "{B4E7C2E8-5E91-488C-B455-6B593AA7B7DA}"
EndProject
Project("{FAE04EC0-301F-11D3-BF4B-00C04F79EFBC}") = "Left rotation", "Left rotation\Left rotation.csproj", "{87A46CD1-081A-488C-A694-4C1AE41ADCF3}"
EndProject
Project("{FAE04EC0-301F-11D3-BF4B-00C04F79EFBC}") = "Migratory Birds", "Migratory Birds\Migratory Birds.csproj", "{3609ADD8-5F35-484B-90D6-743CC2329C16}"
EndProject
Project("{FAE04EC0-301F-11D3-BF4B-00C04F79EFBC}") = "Big Sorting", "Big Sorting\Big Sorting.csproj", "{5EFECC3D-4410-4231-B428-6732970F325E}"
EndProject
Project("{FAE04EC0-301F-11D3-BF4B-00C04F79EFBC}") = "Circular Rotation", "Circular Rotation\Circular Rotation.csproj", "{9E2E9DD5-85F6-4370-9D10-1164C8EF3D7E}"
EndProject
Project("{2150E333-8FDC-42A3-9474-1A3956D46DE8}") = "April", "April", "{732FDA50-6D62-48C9-8054-3DE03F0BDD92}"
EndProject
Project("{2150E333-8FDC-42A3-9474-1A3956D46DE8}") = "Matrices 2D arrays", "Matrices 2D arrays", "{F3F2C94F-B384-4187-A66C-188349C582D8}"
EndProject
Project("{FAE04EC0-301F-11D3-BF4B-00C04F79EFBC}") = "Diagonal Difference", "Diagonal Difference\Diagonal Difference.csproj", "{C408C468-8146-41EF-A9B8-02D6C7A66603}"
EndProject
Project("{2150E333-8FDC-42A3-9474-1A3956D46DE8}") = "Linked List", "Linked List", "{7BC268F6-6C3D-4AD2-BCD0-3DBA7E0DFFE2}"
EndProject
Project("{FAE04EC0-301F-11D3-BF4B-00C04F79EFBC}") = "Reverse Linked List", "Reverse Linked List\Reverse Linked List.csproj", "{DCD5F327-4C27-46FA-8290-FE21D35AF4C9}"
EndProject
Project("{2150E333-8FDC-42A3-9474-1A3956D46DE8}") = "Strings", "Strings", "{BE8D9300-973F-4050-8E23-6E7A8CB09DE3}"
EndProject
Project("{FAE04EC0-301F-11D3-BF4B-00C04F79EFBC}") = "Sherlock and the Valid String", "Sherlock and the Valid String\Sherlock and the Valid String.csproj", "{F9CBFFB2-119E-4185-83ED-67D6DEE7813C}"
EndProject
Project("{FAE04EC0-301F-11D3-BF4B-00C04F79EFBC}") = "Cats and Mouse", "Cats and Mouse\Cats and Mouse.csproj", "{0A4EED1A-2A8C-4980-8839-A9879A7C4705}"
EndProject
Project("{FAE04EC0-301F-11D3-BF4B-00C04F79EFBC}") = "Reverse Doubly Linked List", "Reverse Doubly Linked List\Reverse Doubly Linked List.csproj", "{3D4F6B7F-7686-48D1-ACAD-EA86FE791048}"
EndProject
Project("{FAE04EC0-301F-11D3-BF4B-00C04F79EFBC}") = "Delete Node from LinkedList(Singly)", "Delete Node from LinkedList(Singly)\Delete Node from LinkedList(Singly).csproj", "{4DC46123-DB8B-4617-B9BD-B491E844DD8E}"
EndProject
Project("{FAE04EC0-301F-11D3-BF4B-00C04F79EFBC}") = "Inserting a Node Into a Sorted Doubly Linked List", "Inserting a Node Into a Sorted Doubly Linked List\Inserting a Node Into a Sorted Doubly Linked List.csproj", "{F1A8AEBD-FC5E-487A-A327-2B4668310C45}"
EndProject
Project("{FAE04EC0-301F-11D3-BF4B-00C04F79EFBC}") = "Insert a Node at Tail of Singly Linked List", "Insert a Node at Tail of Singly Linked List\Insert a Node at Tail of Singly Linked List.csproj", "{22880C6F-3FC1-4F18-A7A4-25CEC58AB9A1}"
EndProject
Global
	GlobalSection(SolutionConfigurationPlatforms) = preSolution
		Debug|Any CPU = Debug|Any CPU
		Release|Any CPU = Release|Any CPU
	EndGlobalSection
	GlobalSection(ProjectConfigurationPlatforms) = postSolution
		{60C303DB-E3C2-4A50-BBA1-BD05D75D589A}.Debug|Any CPU.ActiveCfg = Debug|Any CPU
		{60C303DB-E3C2-4A50-BBA1-BD05D75D589A}.Debug|Any CPU.Build.0 = Debug|Any CPU
		{60C303DB-E3C2-4A50-BBA1-BD05D75D589A}.Release|Any CPU.ActiveCfg = Release|Any CPU
		{60C303DB-E3C2-4A50-BBA1-BD05D75D589A}.Release|Any CPU.Build.0 = Release|Any CPU
		{4311E626-12CA-4549-920C-F54504BF3D9B}.Debug|Any CPU.ActiveCfg = Debug|Any CPU
		{4311E626-12CA-4549-920C-F54504BF3D9B}.Debug|Any CPU.Build.0 = Debug|Any CPU
		{4311E626-12CA-4549-920C-F54504BF3D9B}.Release|Any CPU.ActiveCfg = Release|Any CPU
		{4311E626-12CA-4549-920C-F54504BF3D9B}.Release|Any CPU.Build.0 = Release|Any CPU
		{B7F5A3D9-D86D-4A2C-8660-4A2710E87A83}.Debug|Any CPU.ActiveCfg = Debug|Any CPU
		{B7F5A3D9-D86D-4A2C-8660-4A2710E87A83}.Debug|Any CPU.Build.0 = Debug|Any CPU
		{B7F5A3D9-D86D-4A2C-8660-4A2710E87A83}.Release|Any CPU.ActiveCfg = Release|Any CPU
		{B7F5A3D9-D86D-4A2C-8660-4A2710E87A83}.Release|Any CPU.Build.0 = Release|Any CPU
		{28220B48-641B-4198-9831-0ECB3EEDAEB0}.Debug|Any CPU.ActiveCfg = Debug|Any CPU
		{28220B48-641B-4198-9831-0ECB3EEDAEB0}.Debug|Any CPU.Build.0 = Debug|Any CPU
		{28220B48-641B-4198-9831-0ECB3EEDAEB0}.Release|Any CPU.ActiveCfg = Release|Any CPU
		{28220B48-641B-4198-9831-0ECB3EEDAEB0}.Release|Any CPU.Build.0 = Release|Any CPU
		{2C7D5CAF-92EA-4478-A955-E7BDE4007670}.Debug|Any CPU.ActiveCfg = Debug|Any CPU
		{2C7D5CAF-92EA-4478-A955-E7BDE4007670}.Debug|Any CPU.Build.0 = Debug|Any CPU
		{2C7D5CAF-92EA-4478-A955-E7BDE4007670}.Release|Any CPU.ActiveCfg = Release|Any CPU
		{2C7D5CAF-92EA-4478-A955-E7BDE4007670}.Release|Any CPU.Build.0 = Release|Any CPU
		{C6799E22-62A5-4A41-8C4C-D261269FF3B4}.Debug|Any CPU.ActiveCfg = Debug|Any CPU
		{C6799E22-62A5-4A41-8C4C-D261269FF3B4}.Debug|Any CPU.Build.0 = Debug|Any CPU
		{C6799E22-62A5-4A41-8C4C-D261269FF3B4}.Release|Any CPU.ActiveCfg = Release|Any CPU
		{C6799E22-62A5-4A41-8C4C-D261269FF3B4}.Release|Any CPU.Build.0 = Release|Any CPU
		{6E4F8FBF-AC54-4638-8B3B-D850A25C88C7}.Debug|Any CPU.ActiveCfg = Debug|Any CPU
		{6E4F8FBF-AC54-4638-8B3B-D850A25C88C7}.Debug|Any CPU.Build.0 = Debug|Any CPU
		{6E4F8FBF-AC54-4638-8B3B-D850A25C88C7}.Release|Any CPU.ActiveCfg = Release|Any CPU
		{6E4F8FBF-AC54-4638-8B3B-D850A25C88C7}.Release|Any CPU.Build.0 = Release|Any CPU
		{C440761A-0A5B-420C-BF45-7127E8965275}.Debug|Any CPU.ActiveCfg = Debug|Any CPU
		{C440761A-0A5B-420C-BF45-7127E8965275}.Debug|Any CPU.Build.0 = Debug|Any CPU
		{C440761A-0A5B-420C-BF45-7127E8965275}.Release|Any CPU.ActiveCfg = Release|Any CPU
		{C440761A-0A5B-420C-BF45-7127E8965275}.Release|Any CPU.Build.0 = Release|Any CPU
		{A29C1936-FEAC-49EA-98EE-9431FBF6A520}.Debug|Any CPU.ActiveCfg = Debug|Any CPU
		{A29C1936-FEAC-49EA-98EE-9431FBF6A520}.Debug|Any CPU.Build.0 = Debug|Any CPU
		{A29C1936-FEAC-49EA-98EE-9431FBF6A520}.Release|Any CPU.ActiveCfg = Release|Any CPU
		{A29C1936-FEAC-49EA-98EE-9431FBF6A520}.Release|Any CPU.Build.0 = Release|Any CPU
		{B4E7C2E8-5E91-488C-B455-6B593AA7B7DA}.Debug|Any CPU.ActiveCfg = Debug|Any CPU
		{B4E7C2E8-5E91-488C-B455-6B593AA7B7DA}.Debug|Any CPU.Build.0 = Debug|Any CPU
		{B4E7C2E8-5E91-488C-B455-6B593AA7B7DA}.Release|Any CPU.ActiveCfg = Release|Any CPU
		{B4E7C2E8-5E91-488C-B455-6B593AA7B7DA}.Release|Any CPU.Build.0 = Release|Any CPU
		{87A46CD1-081A-488C-A694-4C1AE41ADCF3}.Debug|Any CPU.ActiveCfg = Debug|Any CPU
		{87A46CD1-081A-488C-A694-4C1AE41ADCF3}.Debug|Any CPU.Build.0 = Debug|Any CPU
		{87A46CD1-081A-488C-A694-4C1AE41ADCF3}.Release|Any CPU.ActiveCfg = Release|Any CPU
		{87A46CD1-081A-488C-A694-4C1AE41ADCF3}.Release|Any CPU.Build.0 = Release|Any CPU
		{3609ADD8-5F35-484B-90D6-743CC2329C16}.Debug|Any CPU.ActiveCfg = Debug|Any CPU
		{3609ADD8-5F35-484B-90D6-743CC2329C16}.Debug|Any CPU.Build.0 = Debug|Any CPU
		{3609ADD8-5F35-484B-90D6-743CC2329C16}.Release|Any CPU.ActiveCfg = Release|Any CPU
		{3609ADD8-5F35-484B-90D6-743CC2329C16}.Release|Any CPU.Build.0 = Release|Any CPU
		{5EFECC3D-4410-4231-B428-6732970F325E}.Debug|Any CPU.ActiveCfg = Debug|Any CPU
		{5EFECC3D-4410-4231-B428-6732970F325E}.Debug|Any CPU.Build.0 = Debug|Any CPU
		{5EFECC3D-4410-4231-B428-6732970F325E}.Release|Any CPU.ActiveCfg = Release|Any CPU
		{5EFECC3D-4410-4231-B428-6732970F325E}.Release|Any CPU.Build.0 = Release|Any CPU
		{9E2E9DD5-85F6-4370-9D10-1164C8EF3D7E}.Debug|Any CPU.ActiveCfg = Debug|Any CPU
		{9E2E9DD5-85F6-4370-9D10-1164C8EF3D7E}.Debug|Any CPU.Build.0 = Debug|Any CPU
		{9E2E9DD5-85F6-4370-9D10-1164C8EF3D7E}.Release|Any CPU.ActiveCfg = Release|Any CPU
		{9E2E9DD5-85F6-4370-9D10-1164C8EF3D7E}.Release|Any CPU.Build.0 = Release|Any CPU
		{C408C468-8146-41EF-A9B8-02D6C7A66603}.Debug|Any CPU.ActiveCfg = Debug|Any CPU
		{C408C468-8146-41EF-A9B8-02D6C7A66603}.Debug|Any CPU.Build.0 = Debug|Any CPU
		{C408C468-8146-41EF-A9B8-02D6C7A66603}.Release|Any CPU.ActiveCfg = Release|Any CPU
		{C408C468-8146-41EF-A9B8-02D6C7A66603}.Release|Any CPU.Build.0 = Release|Any CPU
		{DCD5F327-4C27-46FA-8290-FE21D35AF4C9}.Debug|Any CPU.ActiveCfg = Debug|Any CPU
		{DCD5F327-4C27-46FA-8290-FE21D35AF4C9}.Debug|Any CPU.Build.0 = Debug|Any CPU
		{DCD5F327-4C27-46FA-8290-FE21D35AF4C9}.Release|Any CPU.ActiveCfg = Release|Any CPU
		{DCD5F327-4C27-46FA-8290-FE21D35AF4C9}.Release|Any CPU.Build.0 = Release|Any CPU
		{F9CBFFB2-119E-4185-83ED-67D6DEE7813C}.Debug|Any CPU.ActiveCfg = Debug|Any CPU
		{F9CBFFB2-119E-4185-83ED-67D6DEE7813C}.Debug|Any CPU.Build.0 = Debug|Any CPU
		{F9CBFFB2-119E-4185-83ED-67D6DEE7813C}.Release|Any CPU.ActiveCfg = Release|Any CPU
		{F9CBFFB2-119E-4185-83ED-67D6DEE7813C}.Release|Any CPU.Build.0 = Release|Any CPU
		{0A4EED1A-2A8C-4980-8839-A9879A7C4705}.Debug|Any CPU.ActiveCfg = Debug|Any CPU
		{0A4EED1A-2A8C-4980-8839-A9879A7C4705}.Debug|Any CPU.Build.0 = Debug|Any CPU
		{0A4EED1A-2A8C-4980-8839-A9879A7C4705}.Release|Any CPU.ActiveCfg = Release|Any CPU
		{0A4EED1A-2A8C-4980-8839-A9879A7C4705}.Release|Any CPU.Build.0 = Release|Any CPU
		{3D4F6B7F-7686-48D1-ACAD-EA86FE791048}.Debug|Any CPU.ActiveCfg = Debug|Any CPU
		{3D4F6B7F-7686-48D1-ACAD-EA86FE791048}.Debug|Any CPU.Build.0 = Debug|Any CPU
		{3D4F6B7F-7686-48D1-ACAD-EA86FE791048}.Release|Any CPU.ActiveCfg = Release|Any CPU
		{3D4F6B7F-7686-48D1-ACAD-EA86FE791048}.Release|Any CPU.Build.0 = Release|Any CPU
		{4DC46123-DB8B-4617-B9BD-B491E844DD8E}.Debug|Any CPU.ActiveCfg = Debug|Any CPU
		{4DC46123-DB8B-4617-B9BD-B491E844DD8E}.Debug|Any CPU.Build.0 = Debug|Any CPU
		{4DC46123-DB8B-4617-B9BD-B491E844DD8E}.Release|Any CPU.ActiveCfg = Release|Any CPU
		{4DC46123-DB8B-4617-B9BD-B491E844DD8E}.Release|Any CPU.Build.0 = Release|Any CPU
		{F1A8AEBD-FC5E-487A-A327-2B4668310C45}.Debug|Any CPU.ActiveCfg = Debug|Any CPU
		{F1A8AEBD-FC5E-487A-A327-2B4668310C45}.Debug|Any CPU.Build.0 = Debug|Any CPU
		{F1A8AEBD-FC5E-487A-A327-2B4668310C45}.Release|Any CPU.ActiveCfg = Release|Any CPU
		{F1A8AEBD-FC5E-487A-A327-2B4668310C45}.Release|Any CPU.Build.0 = Release|Any CPU
		{22880C6F-3FC1-4F18-A7A4-25CEC58AB9A1}.Debug|Any CPU.ActiveCfg = Debug|Any CPU
		{22880C6F-3FC1-4F18-A7A4-25CEC58AB9A1}.Debug|Any CPU.Build.0 = Debug|Any CPU
		{22880C6F-3FC1-4F18-A7A4-25CEC58AB9A1}.Release|Any CPU.ActiveCfg = Release|Any CPU
		{22880C6F-3FC1-4F18-A7A4-25CEC58AB9A1}.Release|Any CPU.Build.0 = Release|Any CPU
	EndGlobalSection
	GlobalSection(SolutionProperties) = preSolution
		HideSolutionNode = FALSE
	EndGlobalSection
	GlobalSection(NestedProjects) = preSolution
		{2C7D5CAF-92EA-4478-A955-E7BDE4007670} = {00213F69-B67B-45C4-ABA4-DDA42DD4377F}
		{C6799E22-62A5-4A41-8C4C-D261269FF3B4} = {00213F69-B67B-45C4-ABA4-DDA42DD4377F}
		{F3F2C94F-B384-4187-A66C-188349C582D8} = {732FDA50-6D62-48C9-8054-3DE03F0BDD92}
		{C408C468-8146-41EF-A9B8-02D6C7A66603} = {F3F2C94F-B384-4187-A66C-188349C582D8}
		{7BC268F6-6C3D-4AD2-BCD0-3DBA7E0DFFE2} = {732FDA50-6D62-48C9-8054-3DE03F0BDD92}
		{DCD5F327-4C27-46FA-8290-FE21D35AF4C9} = {7BC268F6-6C3D-4AD2-BCD0-3DBA7E0DFFE2}
		{BE8D9300-973F-4050-8E23-6E7A8CB09DE3} = {732FDA50-6D62-48C9-8054-3DE03F0BDD92}
		{F9CBFFB2-119E-4185-83ED-67D6DEE7813C} = {BE8D9300-973F-4050-8E23-6E7A8CB09DE3}
		{3D4F6B7F-7686-48D1-ACAD-EA86FE791048} = {7BC268F6-6C3D-4AD2-BCD0-3DBA7E0DFFE2}
		{4DC46123-DB8B-4617-B9BD-B491E844DD8E} = {7BC268F6-6C3D-4AD2-BCD0-3DBA7E0DFFE2}
		{F1A8AEBD-FC5E-487A-A327-2B4668310C45} = {7BC268F6-6C3D-4AD2-BCD0-3DBA7E0DFFE2}
		{22880C6F-3FC1-4F18-A7A4-25CEC58AB9A1} = {7BC268F6-6C3D-4AD2-BCD0-3DBA7E0DFFE2}
	EndGlobalSection
	GlobalSection(ExtensibilityGlobals) = postSolution
		SolutionGuid = {3A4C5433-A351-4CE4-A077-FB10625BC114}
	EndGlobalSection
EndGlobal
