
Microsoft Visual Studio Solution File, Format Version 12.00
# Visual Studio 15
VisualStudioVersion = 15.0.28307.705
MinimumVisualStudioVersion = 10.0.40219.1
Project("{FAE04EC0-301F-11D3-BF4B-00C04F79EFBC}") = "Making Anagrams", "Making Anagrams\Making Anagrams.csproj", "{60C303DB-E3C2-4A50-BBA1-BD05D75D589A}"
EndProject
Project("{FAE04EC0-301F-11D3-BF4B-00C04F79EFBC}") = "Alternating Characters", "Alternating Characters\Alternating Characters.csproj", "{4311E626-12CA-4549-920C-F54504BF3D9B}"
EndProject
Project("{FAE04EC0-301F-11D3-BF4B-00C04F79EFBC}") = "Two Strings", "Two Strings\Two Strings.csproj", "{B7F5A3D9-D86D-4A2C-8660-4A2710E87A83}"
EndProject
Project("{FAE04EC0-301F-11D3-BF4B-00C04F79EFBC}") = "Minimum Distances", "Minimum Distances\Minimum Distances.csproj", "{28220B48-641B-4198-9831-0ECB3EEDAEB0}"
EndProject
Global
	GlobalSection(SolutionConfigurationPlatforms) = preSolution
		Debug|Any CPU = Debug|Any CPU
		Release|Any CPU = Release|Any CPU
	EndGlobalSection
	GlobalSection(ProjectConfigurationPlatforms) = postSolution
		{60C303DB-E3C2-4A50-BBA1-BD05D75D589A}.Debug|Any CPU.ActiveCfg = Debug|Any CPU
		{60C303DB-E3C2-4A50-BBA1-BD05D75D589A}.Debug|Any CPU.Build.0 = Debug|Any CPU
		{60C303DB-E3C2-4A50-BBA1-BD05D75D589A}.Release|Any CPU.ActiveCfg = Release|Any CPU
		{60C303DB-E3C2-4A50-BBA1-BD05D75D589A}.Release|Any CPU.Build.0 = Release|Any CPU
		{4311E626-12CA-4549-920C-F54504BF3D9B}.Debug|Any CPU.ActiveCfg = Debug|Any CPU
		{4311E626-12CA-4549-920C-F54504BF3D9B}.Debug|Any CPU.Build.0 = Debug|Any CPU
		{4311E626-12CA-4549-920C-F54504BF3D9B}.Release|Any CPU.ActiveCfg = Release|Any CPU
		{4311E626-12CA-4549-920C-F54504BF3D9B}.Release|Any CPU.Build.0 = Release|Any CPU
		{B7F5A3D9-D86D-4A2C-8660-4A2710E87A83}.Debug|Any CPU.ActiveCfg = Debug|Any CPU
		{B7F5A3D9-D86D-4A2C-8660-4A2710E87A83}.Debug|Any CPU.Build.0 = Debug|Any CPU
		{B7F5A3D9-D86D-4A2C-8660-4A2710E87A83}.Release|Any CPU.ActiveCfg = Release|Any CPU
		{B7F5A3D9-D86D-4A2C-8660-4A2710E87A83}.Release|Any CPU.Build.0 = Release|Any CPU
		{28220B48-641B-4198-9831-0ECB3EEDAEB0}.Debug|Any CPU.ActiveCfg = Debug|Any CPU
		{28220B48-641B-4198-9831-0ECB3EEDAEB0}.Debug|Any CPU.Build.0 = Debug|Any CPU
		{28220B48-641B-4198-9831-0ECB3EEDAEB0}.Release|Any CPU.ActiveCfg = Release|Any CPU
		{28220B48-641B-4198-9831-0ECB3EEDAEB0}.Release|Any CPU.Build.0 = Release|Any CPU
	EndGlobalSection
	GlobalSection(SolutionProperties) = preSolution
		HideSolutionNode = FALSE
	EndGlobalSection
	GlobalSection(ExtensibilityGlobals) = postSolution
		SolutionGuid = {3A4C5433-A351-4CE4-A077-FB10625BC114}
	EndGlobalSection
EndGlobal
